
Microsoft Visual Studio Solution File, Format Version 12.00
# Visual Studio Version 16
VisualStudioVersion = 16.6.30114.105
MinimumVisualStudioVersion = 10.0.40219.1
Project("{FAE04EC0-301F-11D3-BF4B-00C04F79EFBC}") = "app", "app\app.csproj", "{5949F7F3-401F-400A-B045-CCCDF384231B}"
EndProject
Project("{FAE04EC0-301F-11D3-BF4B-00C04F79EFBC}") = "infra", "infra\infra.csproj", "{ABD9286C-EE9F-48DE-826D-4352BE76C3C8}"
EndProject
Global
	GlobalSection(SolutionConfigurationPlatforms) = preSolution
		Debug|Any CPU = Debug|Any CPU
		Debug|x64 = Debug|x64
		Debug|x86 = Debug|x86
		Release|Any CPU = Release|Any CPU
		Release|x64 = Release|x64
		Release|x86 = Release|x86
	EndGlobalSection
	GlobalSection(SolutionProperties) = preSolution
		HideSolutionNode = FALSE
	EndGlobalSection
	GlobalSection(ProjectConfigurationPlatforms) = postSolution
		{5949F7F3-401F-400A-B045-CCCDF384231B}.Debug|Any CPU.ActiveCfg = Debug|Any CPU
		{5949F7F3-401F-400A-B045-CCCDF384231B}.Debug|Any CPU.Build.0 = Debug|Any CPU
		{5949F7F3-401F-400A-B045-CCCDF384231B}.Debug|x64.ActiveCfg = Debug|Any CPU
		{5949F7F3-401F-400A-B045-CCCDF384231B}.Debug|x64.Build.0 = Debug|Any CPU
		{5949F7F3-401F-400A-B045-CCCDF384231B}.Debug|x86.ActiveCfg = Debug|Any CPU
		{5949F7F3-401F-400A-B045-CCCDF384231B}.Debug|x86.Build.0 = Debug|Any CPU
		{5949F7F3-401F-400A-B045-CCCDF384231B}.Release|Any CPU.ActiveCfg = Release|Any CPU
		{5949F7F3-401F-400A-B045-CCCDF384231B}.Release|Any CPU.Build.0 = Release|Any CPU
		{5949F7F3-401F-400A-B045-CCCDF384231B}.Release|x64.ActiveCfg = Release|Any CPU
		{5949F7F3-401F-400A-B045-CCCDF384231B}.Release|x64.Build.0 = Release|Any CPU
		{5949F7F3-401F-400A-B045-CCCDF384231B}.Release|x86.ActiveCfg = Release|Any CPU
		{5949F7F3-401F-400A-B045-CCCDF384231B}.Release|x86.Build.0 = Release|Any CPU
		{ABD9286C-EE9F-48DE-826D-4352BE76C3C8}.Debug|Any CPU.ActiveCfg = Debug|Any CPU
		{ABD9286C-EE9F-48DE-826D-4352BE76C3C8}.Debug|Any CPU.Build.0 = Debug|Any CPU
		{ABD9286C-EE9F-48DE-826D-4352BE76C3C8}.Debug|x64.ActiveCfg = Debug|Any CPU
		{ABD9286C-EE9F-48DE-826D-4352BE76C3C8}.Debug|x64.Build.0 = Debug|Any CPU
		{ABD9286C-EE9F-48DE-826D-4352BE76C3C8}.Debug|x86.ActiveCfg = Debug|Any CPU
		{ABD9286C-EE9F-48DE-826D-4352BE76C3C8}.Debug|x86.Build.0 = Debug|Any CPU
		{ABD9286C-EE9F-48DE-826D-4352BE76C3C8}.Release|Any CPU.ActiveCfg = Release|Any CPU
		{ABD9286C-EE9F-48DE-826D-4352BE76C3C8}.Release|Any CPU.Build.0 = Release|Any CPU
		{ABD9286C-EE9F-48DE-826D-4352BE76C3C8}.Release|x64.ActiveCfg = Release|Any CPU
		{ABD9286C-EE9F-48DE-826D-4352BE76C3C8}.Release|x64.Build.0 = Release|Any CPU
		{ABD9286C-EE9F-48DE-826D-4352BE76C3C8}.Release|x86.ActiveCfg = Release|Any CPU
		{ABD9286C-EE9F-48DE-826D-4352BE76C3C8}.Release|x86.Build.0 = Release|Any CPU
	EndGlobalSection
EndGlobal
